
Microsoft Visual Studio Solution File, Format Version 12.00
# Visual Studio Version 17
VisualStudioVersion = 17.9.34622.214
MinimumVisualStudioVersion = 10.0.40219.1
Project("{FAE04EC0-301F-11D3-BF4B-00C04F79EFBC}") = "HarryConsoleApp", "HarryConsoleApp.csproj", "{7E25E141-DE54-4D0A-BD4C-D75EDA4B567D}"
EndProject
Global
	GlobalSection(SolutionConfigurationPlatforms) = preSolution
		Debug|Any CPU = Debug|Any CPU
		Release|Any CPU = Release|Any CPU
	EndGlobalSection
	GlobalSection(ProjectConfigurationPlatforms) = postSolution
		{7E25E141-DE54-4D0A-BD4C-D75EDA4B567D}.Debug|Any CPU.ActiveCfg = Debug|Any CPU
		{7E25E141-DE54-4D0A-BD4C-D75EDA4B567D}.Debug|Any CPU.Build.0 = Debug|Any CPU
		{7E25E141-DE54-4D0A-BD4C-D75EDA4B567D}.Release|Any CPU.ActiveCfg = Release|Any CPU
		{7E25E141-DE54-4D0A-BD4C-D75EDA4B567D}.Release|Any CPU.Build.0 = Release|Any CPU
	EndGlobalSection
	GlobalSection(SolutionProperties) = preSolution
		HideSolutionNode = FALSE
	EndGlobalSection
	GlobalSection(ExtensibilityGlobals) = postSolution
		SolutionGuid = {D4C5005A-D9A1-4F03-B960-01D8BC0E078A}
	EndGlobalSection
EndGlobal
